// !$*UTF8*$!
{
	archiveVersion = 1;
	classes = {
	};
	objectVersion = 110;
	objects = {

/* Begin PBXContainerItemProxy section */
		D7987B072FDC35A100AB7137 /* PBXContainerItemProxy */ = {
			isa = PBXContainerItemProxy;
			containerPortal = D7987AEF2FDC359F00AB7137 /* Project object */;
			proxyType = 1;
			remoteGlobalIDString = D7987AF62FDC359F00AB7137;
			remoteInfo = AutoTranslator;
		};
		D7987B112FDC35A100AB7137 /* PBXContainerItemProxy */ = {
			isa = PBXContainerItemProxy;
			containerPortal = D7987AEF2FDC359F00AB7137 /* Project object */;
			proxyType = 1;
			remoteGlobalIDString = D7987AF62FDC359F00AB7137;
			remoteInfo = AutoTranslator;
		};
/* End PBXContainerItemProxy section */

/* Begin PBXFileReference section */
		D7987AF72FDC359F00AB7137 /* AutoTranslator.app */ = {isa = PBXFileReference; explicitFileType = wrapper.application; includeInIndex = 0; path = AutoTranslator.app; sourceTree = BUILT_PRODUCTS_DIR; };
		D7987B062FDC35A100AB7137 /* AutoTranslatorTests.xctest */ = {isa = PBXFileReference; explicitFileType = wrapper.cfbundle; includeInIndex = 0; path = AutoTranslatorTests.xctest; sourceTree = BUILT_PRODUCTS_DIR; };
		D7987B102FDC35A100AB7137 /* AutoTranslatorUITests.xctest */ = {isa = PBXFileReference; explicitFileType = wrapper.cfbundle; includeInIndex = 0; path = AutoTranslatorUITests.xctest; sourceTree = BUILT_PRODUCTS_DIR; };
/* End PBXFileReference section */

/* Begin PBXFileSystemSynchronizedRootGroup section */
		D7987AF92FDC359F00AB7137 /* AutoTranslator */ = {
			isa = PBXFileSystemSynchronizedRootGroup;
			path = AutoTranslator;
			sourceTree = "<group>";
		};
		D7987B092FDC35A100AB7137 /* AutoTranslatorTests */ = {
			isa = PBXFileSystemSynchronizedRootGroup;
			path = AutoTranslatorTests;
			sourceTree = "<group>";
		};
		D7987B132FDC35A100AB7137 /* AutoTranslatorUITests */ = {
			isa = PBXFileSystemSynchronizedRootGroup;
			path = AutoTranslatorUITests;
			sourceTree = "<group>";
		};
/* End PBXFileSystemSynchronizedRootGroup section */

/* Begin PBXFrameworksBuildPhase section */
		D7987AF42FDC359F00AB7137 /* Frameworks */ = {
			isa = PBXFrameworksBuildPhase;
			files = (
			);
		};
		D7987B032FDC35A100AB7137 /* Frameworks */ = {
			isa = PBXFrameworksBuildPhase;
			files = (
			);
		};
		D7987B0D2FDC35A100AB7137 /* Frameworks */ = {
			isa = PBXFrameworksBuildPhase;
			files = (
			);
		};
/* End PBXFrameworksBuildPhase section */

/* Begin PBXGroup section */
		D7987AEE2FDC359F00AB7137 = {
			isa = PBXGroup;
			children = (
				D7987AF92FDC359F00AB7137 /* AutoTranslator */,
				D7987B092FDC35A100AB7137 /* AutoTranslatorTests */,
				D7987B132FDC35A100AB7137 /* AutoTranslatorUITests */,
				D7987AF82FDC359F00AB7137 /* Products */,
			);
			sourceTree = "<group>";
		};
		D7987AF82FDC359F00AB7137 /* Products */ = {
			isa = PBXGroup;
			children = (
				D7987AF72FDC359F00AB7137 /* AutoTranslator.app */,
				D7987B062FDC35A100AB7137 /* AutoTranslatorTests.xctest */,
				D7987B102FDC35A100AB7137 /* AutoTranslatorUITests.xctest */,
			);
			name = Products;
			sourceTree = "<group>";
		};
/* End PBXGroup section */

/* Begin PBXNativeTarget section */
		D7987AF62FDC359F00AB7137 /* AutoTranslator */ = {
			isa = PBXNativeTarget;
			buildConfigurationList = D7987B182FDC35A100AB7137 /* Build configuration list for PBXNativeTarget "AutoTranslator" */;
			buildPhases = (
				D7987AF32FDC359F00AB7137 /* Sources */,
				D7987AF42FDC359F00AB7137 /* Frameworks */,
				D7987AF52FDC359F00AB7137 /* Resources */,
			);
			buildRules = (
			);
			fileSystemSynchronizedGroups = (
				D7987AF92FDC359F00AB7137 /* AutoTranslator */,
			);
			name = AutoTranslator;
			productName = AutoTranslator;
			productReference = D7987AF72FDC359F00AB7137 /* AutoTranslator.app */;
			productType = "com.apple.product-type.application";
		};
		D7987B052FDC35A100AB7137 /* AutoTranslatorTests */ = {
			isa = PBXNativeTarget;
			buildConfigurationList = D7987B1B2FDC35A100AB7137 /* Build configuration list for PBXNativeTarget "AutoTranslatorTests" */;
			buildPhases = (
				D7987B022FDC35A100AB7137 /* Sources */,
				D7987B032FDC35A100AB7137 /* Frameworks */,
				D7987B042FDC35A100AB7137 /* Resources */,
			);
			buildRules = (
			);
			dependencies = (
				D7987B082FDC35A100AB7137 /* PBXTargetDependency */,
			);
			fileSystemSynchronizedGroups = (
				D7987B092FDC35A100AB7137 /* AutoTranslatorTests */,
			);
			name = AutoTranslatorTests;
			productName = AutoTranslatorTests;
			productReference = D7987B062FDC35A100AB7137 /* AutoTranslatorTests.xctest */;
			productType = "com.apple.product-type.bundle.unit-test";
		};
		D7987B0F2FDC35A100AB7137 /* AutoTranslatorUITests */ = {
			isa = PBXNativeTarget;
			buildConfigurationList = D7987B1E2FDC35A100AB7137 /* Build configuration list for PBXNativeTarget "AutoTranslatorUITests" */;
			buildPhases = (
				D7987B0C2FDC35A100AB7137 /* Sources */,
				D7987B0D2FDC35A100AB7137 /* Frameworks */,
				D7987B0E2FDC35A100AB7137 /* Resources */,
			);
			buildRules = (
			);
			dependencies = (
				D7987B122FDC35A100AB7137 /* PBXTargetDependency */,
			);
			fileSystemSynchronizedGroups = (
				D7987B132FDC35A100AB7137 /* AutoTranslatorUITests */,
			);
			name = AutoTranslatorUITests;
			productName = AutoTranslatorUITests;
			productReference = D7987B102FDC35A100AB7137 /* AutoTranslatorUITests.xctest */;
			productType = "com.apple.product-type.bundle.ui-testing";
		};
/* End PBXNativeTarget section */

/* Begin PBXProject section */
		D7987AEF2FDC359F00AB7137 /* Project object */ = {
			isa = PBXProject;
			attributes = {
				BuildIndependentTargetsInParallel = 1;
				LastSwiftUpdateCheck = 2700;
				LastUpgradeCheck = 2700;
				TargetAttributes = {
					D7987AF62FDC359F00AB7137 = {
						CreatedOnToolsVersion = 27.0;
					};
					D7987B052FDC35A100AB7137 = {
						CreatedOnToolsVersion = 27.0;
						TestTargetID = D7987AF62FDC359F00AB7137;
					};
					D7987B0F2FDC35A100AB7137 = {
						CreatedOnToolsVersion = 27.0;
						TestTargetID = D7987AF62FDC359F00AB7137;
					};
				};
			};
			buildConfigurationList = D7987AF22FDC359F00AB7137 /* Build configuration list for PBXProject "AutoTranslator" */;
			developmentRegion = en;
			hasScannedForEncodings = 0;
			knownRegions = (
				en,
				Base,
			);
			mainGroup = D7987AEE2FDC359F00AB7137;
			minimizedProjectReferenceProxies = 1;
			preferredProjectObjectVersion = 77;
			productRefGroup = D7987AF82FDC359F00AB7137 /* Products */;
			projectDirPath = "";
			projectRoot = "";
			targets = (
				D7987AF62FDC359F00AB7137 /* AutoTranslator */,
				D7987B052FDC35A100AB7137 /* AutoTranslatorTests */,
				D7987B0F2FDC35A100AB7137 /* AutoTranslatorUITests */,
			);
		};
/* End PBXProject section */

/* Begin PBXResourcesBuildPhase section */
		D7987AF52FDC359F00AB7137 /* Resources */ = {
			isa = PBXResourcesBuildPhase;
			files = (
			);
		};
		D7987B042FDC35A100AB7137 /* Resources */ = {
			isa = PBXResourcesBuildPhase;
			files = (
			);
		};
		D7987B0E2FDC35A100AB7137 /* Resources */ = {
			isa = PBXResourcesBuildPhase;
			files = (
			);
		};
/* End PBXResourcesBuildPhase section */

/* Begin PBXSourcesBuildPhase section */
		D7987AF32FDC359F00AB7137 /* Sources */ = {
			isa = PBXSourcesBuildPhase;
			files = (
			);
		};
		D7987B022FDC35A100AB7137 /* Sources */ = {
			isa = PBXSourcesBuildPhase;
			files = (
			);
		};
		D7987B0C2FDC35A100AB7137 /* Sources */ = {
			isa = PBXSourcesBuildPhase;
			files = (
			);
		};
/* End PBXSourcesBuildPhase section */

/* Begin PBXTargetDependency section */
		D7987B082FDC35A100AB7137 /* PBXTargetDependency */ = {
			isa = PBXTargetDependency;
			target = D7987AF62FDC359F00AB7137 /* AutoTranslator */;
			targetProxy = D7987B072FDC35A100AB7137 /* PBXContainerItemProxy */;
		};
		D7987B122FDC35A100AB7137 /* PBXTargetDependency */ = {
			isa = PBXTargetDependency;
			target = D7987AF62FDC359F00AB7137 /* AutoTranslator */;
			targetProxy = D7987B112FDC35A100AB7137 /* PBXContainerItemProxy */;
		};
/* End PBXTargetDependency section */

/* Begin XCBuildConfiguration section */
		D7987B162FDC35A100AB7137 /* Debug configuration for PBXProject "AutoTranslator" */ = {
			isa = XCBuildConfiguration;
			buildSettings = {
				ALWAYS_SEARCH_USER_PATHS = NO;
				ASSETCATALOG_COMPILER_GENERATE_SWIFT_ASSET_SYMBOL_EXTENSIONS = YES;
				CLANG_ANALYZER_NONNULL = YES;
				CLANG_ANALYZER_NUMBER_OBJECT_CONVERSION = YES_AGGRESSIVE;
				CLANG_CXX_LANGUAGE_STANDARD = "gnu++20";
				CLANG_ENABLE_MODULES = YES;
				CLANG_ENABLE_OBJC_ARC = YES;
				CLANG_ENABLE_OBJC_WEAK = YES;
				CLANG_WARN_BLOCK_CAPTURE_AUTORELEASING = YES;
				CLANG_WARN_BOOL_CONVERSION = YES;
				CLANG_WARN_COMMA = YES;
				CLANG_WARN_CONSTANT_CONVERSION = YES;
				CLANG_WARN_DEPRECATED_OBJC_IMPLEMENTATIONS = YES;
				CLANG_WARN_DIRECT_OBJC_ISA_USAGE = YES_ERROR;
				CLANG_WARN_DOCUMENTATION_COMMENTS = YES;
				CLANG_WARN_EMPTY_BODY = YES;
				CLANG_WARN_ENUM_CONVERSION = YES;
				CLANG_WARN_INFINITE_RECURSION = YES;
				CLANG_WARN_INT_CONVERSION = YES;
				CLANG_WARN_NON_LITERAL_NULL_CONVERSION = YES;
				CLANG_WARN_OBJC_IMPLICIT_RETAIN_SELF = YES;
				CLANG_WARN_OBJC_LITERAL_CONVERSION = YES;
				CLANG_WARN_OBJC_ROOT_CLASS = YES_ERROR;
				CLANG_WARN_QUOTED_INCLUDE_IN_FRAMEWORK_HEADER = YES;
				CLANG_WARN_RANGE_LOOP_ANALYSIS = YES;
				CLANG_WARN_STRICT_PROTOTYPES = YES;
				CLANG_WARN_SUSPICIOUS_MOVE = YES;
				CLANG_WARN_UNGUARDED_AVAILABILITY = YES_AGGRESSIVE;
				CLANG_WARN_UNREACHABLE_CODE = YES;
				CLANG_WARN__DUPLICATE_METHOD_MATCH = YES;
				COPY_PHASE_STRIP = NO;
				DEBUG_INFORMATION_FORMAT = dwarf;
				DEVELOPMENT_TEAM = 8673V9F8DM;
				ENABLE_STRICT_OBJC_MSGSEND = YES;
				ENABLE_TESTABILITY = YES;
				ENABLE_USER_SCRIPT_SANDBOXING = YES;
				GCC_C_LANGUAGE_STANDARD = gnu17;
				GCC_DYNAMIC_NO_PIC = NO;
				GCC_NO_COMMON_BLOCKS = YES;
				GCC_OPTIMIZATION_LEVEL = 0;
				GCC_PREPROCESSOR_DEFINITIONS = (
					"DEBUG=1",
					"$(inherited)",
				);
				GCC_WARN_64_TO_32_BIT_CONVERSION = YES;
				GCC_WARN_ABOUT_RETURN_TYPE = YES_ERROR;
				GCC_WARN_UNDECLARED_SELECTOR = YES;
				GCC_WARN_UNINITIALIZED_AUTOS = YES_AGGRESSIVE;
				GCC_WARN_UNUSED_FUNCTION = YES;
				GCC_WARN_UNUSED_VARIABLE = YES;
				LOCALIZATION_PREFERS_STRING_CATALOGS = YES;
				MTL_ENABLE_DEBUG_INFO = INCLUDE_SOURCE;
				MTL_FAST_MATH = YES;
				ONLY_ACTIVE_ARCH = YES;
				SWIFT_ACTIVE_COMPILATION_CONDITIONS = "DEBUG $(inherited)";
				SWIFT_OPTIMIZATION_LEVEL = "-Onone";
			};
			name = Debug;
		};
		D7987B172FDC35A100AB7137 /* Release configuration for PBXProject "AutoTranslator" */ = {
			isa = XCBuildConfiguration;
			buildSettings = {
				ALWAYS_SEARCH_USER_PATHS = NO;
				ASSETCATALOG_COMPILER_GENERATE_SWIFT_ASSET_SYMBOL_EXTENSIONS = YES;
				CLANG_ANALYZER_NONNULL = YES;
				CLANG_ANALYZER_NUMBER_OBJECT_CONVERSION = YES_AGGRESSIVE;
				CLANG_CXX_LANGUAGE_STANDARD = "gnu++20";
				CLANG_ENABLE_MODULES = YES;
				CLANG_ENABLE_OBJC_ARC = YES;
				CLANG_ENABLE_OBJC_WEAK = YES;
				CLANG_WARN_BLOCK_CAPTURE_AUTORELEASING = YES;
				CLANG_WARN_BOOL_CONVERSION = YES;
				CLANG_WARN_COMMA = YES;
				CLANG_WARN_CONSTANT_CONVERSION = YES;
				CLANG_WARN_DEPRECATED_OBJC_IMPLEMENTATIONS = YES;
				CLANG_WARN_DIRECT_OBJC_ISA_USAGE = YES_ERROR;
				CLANG_WARN_DOCUMENTATION_COMMENTS = YES;
				CLANG_WARN_EMPTY_BODY = YES;
				CLANG_WARN_ENUM_CONVERSION = YES;
				CLANG_WARN_INFINITE_RECURSION = YES;
				CLANG_WARN_INT_CONVERSION = YES;
				CLANG_WARN_NON_LITERAL_NULL_CONVERSION = YES;
				CLANG_WARN_OBJC_IMPLICIT_RETAIN_SELF = YES;
				CLANG_WARN_OBJC_LITERAL_CONVERSION = YES;
				CLANG_WARN_OBJC_ROOT_CLASS = YES_ERROR;
				CLANG_WARN_QUOTED_INCLUDE_IN_FRAMEWORK_HEADER = YES;
				CLANG_WARN_RANGE_LOOP_ANALYSIS = YES;
				CLANG_WARN_STRICT_PROTOTYPES = YES;
				CLANG_WARN_SUSPICIOUS_MOVE = YES;
				CLANG_WARN_UNGUARDED_AVAILABILITY = YES_AGGRESSIVE;
				CLANG_WARN_UNREACHABLE_CODE = YES;
				CLANG_WARN__DUPLICATE_METHOD_MATCH = YES;
				COPY_PHASE_STRIP = NO;
				DEBUG_INFORMATION_FORMAT = "dwarf-with-dsym";
				DEVELOPMENT_TEAM = 8673V9F8DM;
				ENABLE_NS_ASSERTIONS = NO;
				ENABLE_STRICT_OBJC_MSGSEND = YES;
				ENABLE_USER_SCRIPT_SANDBOXING = YES;
				GCC_C_LANGUAGE_STANDARD = gnu17;
				GCC_NO_COMMON_BLOCKS = YES;
				GCC_WARN_64_TO_32_BIT_CONVERSION = YES;
				GCC_WARN_ABOUT_RETURN_TYPE = YES_ERROR;
				GCC_WARN_UNDECLARED_SELECTOR = YES;
				GCC_WARN_UNINITIALIZED_AUTOS = YES_AGGRESSIVE;
				GCC_WARN_UNUSED_FUNCTION = YES;
				GCC_WARN_UNUSED_VARIABLE = YES;
				LOCALIZATION_PREFERS_STRING_CATALOGS = YES;
				MTL_ENABLE_DEBUG_INFO = NO;
				MTL_FAST_MATH = YES;
				SWIFT_COMPILATION_MODE = wholemodule;
			};
			name = Release;
		};
		D7987B192FDC35A100AB7137 /* Debug configuration for PBXNativeTarget "AutoTranslator" */ = {
			isa = XCBuildConfiguration;
			buildSettings = {
				ASSETCATALOG_COMPILER_APPICON_NAME = AutoTranslator_AppIcon;
				ASSETCATALOG_COMPILER_GLOBAL_ACCENT_COLOR_NAME = AccentColor;
				CODE_SIGN_ENTITLEMENTS = AutoTranslator/AutoTranslator.entitlements;
				CODE_SIGN_STYLE = Automatic;
				CURRENT_PROJECT_VERSION = 1;
				DEVELOPMENT_TEAM = 8673V9F8DM;
				ENABLE_APP_SANDBOX = NO;
				ENABLE_HARDENED_RUNTIME = YES;
				ENABLE_PREVIEWS = YES;
				ENABLE_USER_SELECTED_FILES = readonly;
				GENERATE_INFOPLIST_FILE = NO;
				INFOPLIST_FILE = AutoTranslator/Resources/Info.plist;
				"INFOPLIST_KEY_UIApplicationSceneManifest_Generation[sdk=iphoneos*]" = YES;
				"INFOPLIST_KEY_UIApplicationSceneManifest_Generation[sdk=iphonesimulator*]" = YES;
				"INFOPLIST_KEY_UIApplicationSupportsIndirectInputEvents[sdk=iphoneos*]" = YES;
				"INFOPLIST_KEY_UIApplicationSupportsIndirectInputEvents[sdk=iphonesimulator*]" = YES;
				"INFOPLIST_KEY_UILaunchScreen_Generation[sdk=iphoneos*]" = YES;
				"INFOPLIST_KEY_UILaunchScreen_Generation[sdk=iphonesimulator*]" = YES;
				"INFOPLIST_KEY_UIStatusBarStyle[sdk=iphoneos*]" = UIStatusBarStyleDefault;
				"INFOPLIST_KEY_UIStatusBarStyle[sdk=iphonesimulator*]" = UIStatusBarStyleDefault;
				INFOPLIST_KEY_UISupportedInterfaceOrientations_iPad = "UIInterfaceOrientationPortrait UIInterfaceOrientationPortraitUpsideDown UIInterfaceOrientationLandscapeLeft UIInterfaceOrientationLandscapeRight";
				INFOPLIST_KEY_UISupportedInterfaceOrientations_iPhone = "UIInterfaceOrientationPortrait UIInterfaceOrientationLandscapeLeft UIInterfaceOrientationLandscapeRight";
				IPHONEOS_DEPLOYMENT_TARGET = "$(RECOMMENDED_IPHONEOS_DEPLOYMENT_TARGET)";
				LD_RUNPATH_SEARCH_PATHS = "@executable_path/Frameworks";
				"LD_RUNPATH_SEARCH_PATHS[sdk=macosx*]" = "@executable_path/../Frameworks";
				MACOSX_DEPLOYMENT_TARGET = 13.0;
				MARKETING_VERSION = 1.0;
				PRODUCT_BUNDLE_IDENTIFIER = whang1234.AutoTranslator;
				PRODUCT_NAME = "$(TARGET_NAME)";
				REGISTER_APP_GROUPS = YES;
				SDKROOT = auto;
				STRING_CATALOG_GENERATE_SYMBOLS = YES;
				SUPPORTED_PLATFORMS = "iphoneos iphonesimulator macosx";
				SUPPORTS_MACCATALYST = NO;
				SWIFT_APPROACHABLE_CONCURRENCY = YES;
				SWIFT_DEFAULT_ACTOR_ISOLATION = MainActor;
				SWIFT_EMIT_LOC_STRINGS = YES;
				SWIFT_UPCOMING_FEATURE_MEMBER_IMPORT_VISIBILITY = YES;
				SWIFT_VERSION = 5.0;
				TARGETED_DEVICE_FAMILY = "1,2";
				XROS_DEPLOYMENT_TARGET = 27.0;
			};
			name = Debug;
		};
		D7987B1A2FDC35A100AB7137 /* Release configuration for PBXNativeTarget "AutoTranslator" */ = {
			isa = XCBuildConfiguration;
			buildSettings = {
				ASSETCATALOG_COMPILER_APPICON_NAME = AutoTranslator_AppIcon;
				ASSETCATALOG_COMPILER_GLOBAL_ACCENT_COLOR_NAME = AccentColor;
				CODE_SIGN_ENTITLEMENTS = AutoTranslator/AutoTranslator.entitlements;
				CODE_SIGN_STYLE = Automatic;
				CURRENT_PROJECT_VERSION = 1;
				DEVELOPMENT_TEAM = 8673V9F8DM;
				ENABLE_APP_SANDBOX = NO;
				ENABLE_HARDENED_RUNTIME = YES;
				ENABLE_PREVIEWS = YES;
				ENABLE_USER_SELECTED_FILES = readonly;
				GENERATE_INFOPLIST_FILE = NO;
				INFOPLIST_FILE = AutoTranslator/Resources/Info.plist;
				"INFOPLIST_KEY_UIApplicationSceneManifest_Generation[sdk=iphoneos*]" = YES;
				"INFOPLIST_KEY_UIApplicationSceneManifest_Generation[sdk=iphonesimulator*]" = YES;
				"INFOPLIST_KEY_UIApplicationSupportsIndirectInputEvents[sdk=iphoneos*]" = YES;
				"INFOPLIST_KEY_UIApplicationSupportsIndirectInputEvents[sdk=iphonesimulator*]" = YES;
				"INFOPLIST_KEY_UILaunchScreen_Generation[sdk=iphoneos*]" = YES;
				"INFOPLIST_KEY_UILaunchScreen_Generation[sdk=iphonesimulator*]" = YES;
				"INFOPLIST_KEY_UIStatusBarStyle[sdk=iphoneos*]" = UIStatusBarStyleDefault;
				"INFOPLIST_KEY_UIStatusBarStyle[sdk=iphonesimulator*]" = UIStatusBarStyleDefault;
				INFOPLIST_KEY_UISupportedInterfaceOrientations_iPad = "UIInterfaceOrientationPortrait UIInterfaceOrientationPortraitUpsideDown UIInterfaceOrientationLandscapeLeft UIInterfaceOrientationLandscapeRight";
				INFOPLIST_KEY_UISupportedInterfaceOrientations_iPhone = "UIInterfaceOrientationPortrait UIInterfaceOrientationLandscapeLeft UIInterfaceOrientationLandscapeRight";
				IPHONEOS_DEPLOYMENT_TARGET = "$(RECOMMENDED_IPHONEOS_DEPLOYMENT_TARGET)";
				LD_RUNPATH_SEARCH_PATHS = "@executable_path/Frameworks";
				"LD_RUNPATH_SEARCH_PATHS[sdk=macosx*]" = "@executable_path/../Frameworks";
				MACOSX_DEPLOYMENT_TARGET = 13.0;
				MARKETING_VERSION = 1.0;
				PRODUCT_BUNDLE_IDENTIFIER = whang1234.AutoTranslator;
				PRODUCT_NAME = "$(TARGET_NAME)";
				REGISTER_APP_GROUPS = YES;
				SDKROOT = auto;
				STRING_CATALOG_GENERATE_SYMBOLS = YES;
				SUPPORTED_PLATFORMS = "iphoneos iphonesimulator macosx";
				SUPPORTS_MACCATALYST = NO;
				SWIFT_APPROACHABLE_CONCURRENCY = YES;
				SWIFT_DEFAULT_ACTOR_ISOLATION = MainActor;
				SWIFT_EMIT_LOC_STRINGS = YES;
				SWIFT_UPCOMING_FEATURE_MEMBER_IMPORT_VISIBILITY = YES;
				SWIFT_VERSION = 5.0;
				TARGETED_DEVICE_FAMILY = "1,2";
				XROS_DEPLOYMENT_TARGET = 27.0;
			};
			name = Release;
		};
		D7987B1C2FDC35A100AB7137 /* Debug configuration for PBXNativeTarget "AutoTranslatorTests" */ = {
			isa = XCBuildConfiguration;
			buildSettings = {
				BUNDLE_LOADER = "$(TEST_HOST)";
				CODE_SIGN_STYLE = Automatic;
				CURRENT_PROJECT_VERSION = 1;
				DEVELOPMENT_TEAM = 8673V9F8DM;
				GENERATE_INFOPLIST_FILE = YES;
				IPHONEOS_DEPLOYMENT_TARGET = 27.0;
				MACOSX_DEPLOYMENT_TARGET = 13.0;
				MARKETING_VERSION = 1.0;
				PRODUCT_BUNDLE_IDENTIFIER = whang1234.AutoTranslatorTests;
				PRODUCT_NAME = "$(TARGET_NAME)";
				SDKROOT = auto;
				STRING_CATALOG_GENERATE_SYMBOLS = NO;
				SUPPORTED_PLATFORMS = "iphoneos iphonesimulator macosx xros xrsimulator";
				SWIFT_APPROACHABLE_CONCURRENCY = YES;
				SWIFT_EMIT_LOC_STRINGS = NO;
				SWIFT_UPCOMING_FEATURE_MEMBER_IMPORT_VISIBILITY = YES;
				SWIFT_VERSION = 5.0;
				TARGETED_DEVICE_FAMILY = "1,2,7";
				TEST_HOST = "$(BUILT_PRODUCTS_DIR)/AutoTranslator.app/$(BUNDLE_EXECUTABLE_FOLDER_PATH)/AutoTranslator";
				XROS_DEPLOYMENT_TARGET = 27.0;
			};
			name = Debug;
		};
		D7987B1D2FDC35A100AB7137 /* Release configuration for PBXNativeTarget "AutoTranslatorTests" */ = {
			isa = XCBuildConfiguration;
			buildSettings = {
				BUNDLE_LOADER = "$(TEST_HOST)";
				CODE_SIGN_STYLE = Automatic;
				CURRENT_PROJECT_VERSION = 1;
				DEVELOPMENT_TEAM = 8673V9F8DM;
				GENERATE_INFOPLIST_FILE = YES;
				IPHONEOS_DEPLOYMENT_TARGET = 27.0;
				MACOSX_DEPLOYMENT_TARGET = 13.0;
				MARKETING_VERSION = 1.0;
				PRODUCT_BUNDLE_IDENTIFIER = whang1234.AutoTranslatorTests;
				PRODUCT_NAME = "$(TARGET_NAME)";
				SDKROOT = auto;
				STRING_CATALOG_GENERATE_SYMBOLS = NO;
				SUPPORTED_PLATFORMS = "iphoneos iphonesimulator macosx xros xrsimulator";
				SWIFT_APPROACHABLE_CONCURRENCY = YES;
				SWIFT_EMIT_LOC_STRINGS = NO;
				SWIFT_UPCOMING_FEATURE_MEMBER_IMPORT_VISIBILITY = YES;
				SWIFT_VERSION = 5.0;
				TARGETED_DEVICE_FAMILY = "1,2,7";
				TEST_HOST = "$(BUILT_PRODUCTS_DIR)/AutoTranslator.app/$(BUNDLE_EXECUTABLE_FOLDER_PATH)/AutoTranslator";
				XROS_DEPLOYMENT_TARGET = 27.0;
			};
			name = Release;
		};
		D7987B1F2FDC35A100AB7137 /* Debug configuration for PBXNativeTarget "AutoTranslatorUITests" */ = {
			isa = XCBuildConfiguration;
			buildSettings = {
				CODE_SIGN_STYLE = Automatic;
				CURRENT_PROJECT_VERSION = 1;
				DEVELOPMENT_TEAM = 8673V9F8DM;
				GENERATE_INFOPLIST_FILE = YES;
				IPHONEOS_DEPLOYMENT_TARGET = 27.0;
				MACOSX_DEPLOYMENT_TARGET = 13.0;
				MARKETING_VERSION = 1.0;
				PRODUCT_BUNDLE_IDENTIFIER = whang1234.AutoTranslatorUITests;
				PRODUCT_NAME = "$(TARGET_NAME)";
				SDKROOT = auto;
				STRING_CATALOG_GENERATE_SYMBOLS = NO;
				SUPPORTED_PLATFORMS = "iphoneos iphonesimulator macosx xros xrsimulator";
				SWIFT_APPROACHABLE_CONCURRENCY = YES;
				SWIFT_EMIT_LOC_STRINGS = NO;
				SWIFT_UPCOMING_FEATURE_MEMBER_IMPORT_VISIBILITY = YES;
				SWIFT_VERSION = 5.0;
				TARGETED_DEVICE_FAMILY = "1,2,7";
				TEST_TARGET_NAME = AutoTranslator;
				XROS_DEPLOYMENT_TARGET = 27.0;
			};
			name = Debug;
		};
		D7987B202FDC35A100AB7137 /* Release configuration for PBXNativeTarget "AutoTranslatorUITests" */ = {
			isa = XCBuildConfiguration;
			buildSettings = {
				CODE_SIGN_STYLE = Automatic;
				CURRENT_PROJECT_VERSION = 1;
				DEVELOPMENT_TEAM = 8673V9F8DM;
				GENERATE_INFOPLIST_FILE = YES;
				IPHONEOS_DEPLOYMENT_TARGET = 27.0;
				MACOSX_DEPLOYMENT_TARGET = 13.0;
				MARKETING_VERSION = 1.0;
				PRODUCT_BUNDLE_IDENTIFIER = whang1234.AutoTranslatorUITests;
				PRODUCT_NAME = "$(TARGET_NAME)";
				SDKROOT = auto;
				STRING_CATALOG_GENERATE_SYMBOLS = NO;
				SUPPORTED_PLATFORMS = "iphoneos iphonesimulator macosx xros xrsimulator";
				SWIFT_APPROACHABLE_CONCURRENCY = YES;
				SWIFT_EMIT_LOC_STRINGS = NO;
				SWIFT_UPCOMING_FEATURE_MEMBER_IMPORT_VISIBILITY = YES;
				SWIFT_VERSION = 5.0;
				TARGETED_DEVICE_FAMILY = "1,2,7";
				TEST_TARGET_NAME = AutoTranslator;
				XROS_DEPLOYMENT_TARGET = 27.0;
			};
			name = Release;
		};
/* End XCBuildConfiguration section */

/* Begin XCConfigurationList section */
		D7987AF22FDC359F00AB7137 /* Build configuration list for PBXProject "AutoTranslator" */ = {
			isa = XCConfigurationList;
			buildConfigurations = (
				D7987B162FDC35A100AB7137 /* Debug configuration for PBXProject "AutoTranslator" */,
				D7987B172FDC35A100AB7137 /* Release configuration for PBXProject "AutoTranslator" */,
			);
			defaultConfigurationName = Release;
		};
		D7987B182FDC35A100AB7137 /* Build configuration list for PBXNativeTarget "AutoTranslator" */ = {
			isa = XCConfigurationList;
			buildConfigurations = (
				D7987B192FDC35A100AB7137 /* Debug configuration for PBXNativeTarget "AutoTranslator" */,
				D7987B1A2FDC35A100AB7137 /* Release configuration for PBXNativeTarget "AutoTranslator" */,
			);
			defaultConfigurationName = Release;
		};
		D7987B1B2FDC35A100AB7137 /* Build configuration list for PBXNativeTarget "AutoTranslatorTests" */ = {
			isa = XCConfigurationList;
			buildConfigurations = (
				D7987B1C2FDC35A100AB7137 /* Debug configuration for PBXNativeTarget "AutoTranslatorTests" */,
				D7987B1D2FDC35A100AB7137 /* Release configuration for PBXNativeTarget "AutoTranslatorTests" */,
			);
			defaultConfigurationName = Release;
		};
		D7987B1E2FDC35A100AB7137 /* Build configuration list for PBXNativeTarget "AutoTranslatorUITests" */ = {
			isa = XCConfigurationList;
			buildConfigurations = (
				D7987B1F2FDC35A100AB7137 /* Debug configuration for PBXNativeTarget "AutoTranslatorUITests" */,
				D7987B202FDC35A100AB7137 /* Release configuration for PBXNativeTarget "AutoTranslatorUITests" */,
			);
			defaultConfigurationName = Release;
		};
/* End XCConfigurationList section */
	};
	rootObject = D7987AEF2FDC359F00AB7137 /* Project object */;
	validationLevel = 1;
}
